
Microsoft Visual Studio Solution File, Format Version 12.00
# Visual Studio 15
VisualStudioVersion = 15.0.27130.2010
MinimumVisualStudioVersion = 10.0.40219.1
Project("{FAE04EC0-301F-11D3-BF4B-00C04F79EFBC}") = "CoreCompat.System.Drawing_test", "CoreCompat.System.Drawing_test\CoreCompat.System.Drawing_test.csproj", "{824910BC-3AF0-45F2-819D-0E8BCEB31DE0}"
EndProject
Global
	GlobalSection(SolutionConfigurationPlatforms) = preSolution
		Debug|Any CPU = Debug|Any CPU
		Release|Any CPU = Release|Any CPU
	EndGlobalSection
	GlobalSection(ProjectConfigurationPlatforms) = postSolution
		{824910BC-3AF0-45F2-819D-0E8BCEB31DE0}.Debug|Any CPU.ActiveCfg = Debug|Any CPU
		{824910BC-3AF0-45F2-819D-0E8BCEB31DE0}.Debug|Any CPU.Build.0 = Debug|Any CPU
		{824910BC-3AF0-45F2-819D-0E8BCEB31DE0}.Release|Any CPU.ActiveCfg = Release|Any CPU
		{824910BC-3AF0-45F2-819D-0E8BCEB31DE0}.Release|Any CPU.Build.0 = Release|Any CPU
	EndGlobalSection
	GlobalSection(SolutionProperties) = preSolution
		HideSolutionNode = FALSE
	EndGlobalSection
	GlobalSection(ExtensibilityGlobals) = postSolution
		SolutionGuid = {F0D506DB-1BB3-4645-9CA1-9857350AB846}
	EndGlobalSection
EndGlobal
